
Microsoft Visual Studio Solution File, Format Version 12.00
# Visual Studio Version 16
VisualStudioVersion = 16.0.31005.135
MinimumVisualStudioVersion = 10.0.40219.1
Project("{FAE04EC0-301F-11D3-BF4B-00C04F79EFBC}") = "BoService", "BoService\BoService.csproj", "{DFF6D89A-231C-4DE6-9015-4FB5B748370B}"
EndProject
Global
	GlobalSection(SolutionConfigurationPlatforms) = preSolution
		Debug|Any CPU = Debug|Any CPU
		Release|Any CPU = Release|Any CPU
	EndGlobalSection
	GlobalSection(ProjectConfigurationPlatforms) = postSolution
		{DFF6D89A-231C-4DE6-9015-4FB5B748370B}.Debug|Any CPU.ActiveCfg = Debug|Any CPU
		{DFF6D89A-231C-4DE6-9015-4FB5B748370B}.Debug|Any CPU.Build.0 = Debug|Any CPU
		{DFF6D89A-231C-4DE6-9015-4FB5B748370B}.Release|Any CPU.ActiveCfg = Release|Any CPU
		{DFF6D89A-231C-4DE6-9015-4FB5B748370B}.Release|Any CPU.Build.0 = Release|Any CPU
	EndGlobalSection
	GlobalSection(SolutionProperties) = preSolution
		HideSolutionNode = FALSE
	EndGlobalSection
	GlobalSection(ExtensibilityGlobals) = postSolution
		SolutionGuid = {089C1501-B790-4797-8E1A-3667715220E5}
	EndGlobalSection
EndGlobal
